
Microsoft Visual Studio Solution File, Format Version 12.00
# Visual Studio Version 17
VisualStudioVersion = 17.0.31912.275
MinimumVisualStudioVersion = 10.0.40219.1
Project("{FAE04EC0-301F-11D3-BF4B-00C04F79EFBC}") = "RestWithASP.Net5", "RestWithASP.Net5\RestWithASP.Net5.csproj", "{C5E77F60-3D4C-414B-82DD-344EB29188DB}"
EndProject
Global
	GlobalSection(SolutionConfigurationPlatforms) = preSolution
		Debug|Any CPU = Debug|Any CPU
		Release|Any CPU = Release|Any CPU
	EndGlobalSection
	GlobalSection(ProjectConfigurationPlatforms) = postSolution
		{C5E77F60-3D4C-414B-82DD-344EB29188DB}.Debug|Any CPU.ActiveCfg = Debug|Any CPU
		{C5E77F60-3D4C-414B-82DD-344EB29188DB}.Debug|Any CPU.Build.0 = Debug|Any CPU
		{C5E77F60-3D4C-414B-82DD-344EB29188DB}.Release|Any CPU.ActiveCfg = Release|Any CPU
		{C5E77F60-3D4C-414B-82DD-344EB29188DB}.Release|Any CPU.Build.0 = Release|Any CPU
	EndGlobalSection
	GlobalSection(SolutionProperties) = preSolution
		HideSolutionNode = FALSE
	EndGlobalSection
	GlobalSection(ExtensibilityGlobals) = postSolution
		SolutionGuid = {BB44C2E6-4DB6-444F-9F6B-0E528E344854}
	EndGlobalSection
EndGlobal
